Microsoft Visual Studio Solution File, Format Version 12.00
# Visual Studio Version 17
VisualStudioVersion = 17.0.31903.59
MinimumVisualStudioVersion = 10.0.40219.1
Project("{2150E333-8FDC-42A3-9474-1A3956D46DE8}") = "src", "src", "{4A154B22-16F8-4668-BE54-9A1E7A4F7556}"
EndProject
Project("{9A19103F-16F7-4668-BE54-9A1E7A4F7556}") = "Magentic.Core", "src\Magentic.Core\Magentic.Core.csproj", "{7DBED327-D05B-4F12-A982-F7BCB07D5E2F}"
EndProject
Project("{9A19103F-16F7-4668-BE54-9A1E7A4F7556}") = "Magentic.Planning", "src\Magentic.Planning\Magentic.Planning.csproj", "{8C94709A-261E-4630-9F0F-7C7B4EC7D2A0}"
EndProject
Project("{9A19103F-16F7-4668-BE54-9A1E7A4F7556}") = "Magentic.Agents", "src\Magentic.Agents\Magentic.Agents.csproj", "{9B85801B-372F-4941-BF3E-8D4C5A8F3E1C}"
EndProject
Project("{9A19103F-16F7-4668-BE54-9A1E7A4F7556}") = "Magentic.Extensions.DependencyInjection", "src\Magentic.Extensions.DependencyInjection\Magentic.Extensions.DependencyInjection.csproj", "{2E07829F-594E-4F94-B3FD-7F3C6D9E8A5B}"
EndProject
Project("{2150E333-8FDC-42A3-9474-1A3956D46DE8}") = "samples", "samples", "{5F68A331-7E5D-4C89-A6FE-8E4D7B9F6A3C}"
EndProject
Project("{9A19103F-16F7-4668-BE54-9A1E7A4F7556}") = "Magentic.Samples.Console", "samples\Magentic.Samples.Console\Magentic.Samples.Console.csproj", "{6C7CA029-8461-41FF-BAC6-7CE438CE3707}"
EndProject
Global
	GlobalSection(SolutionConfigurationPlatforms) = preSolution
		Debug|Any CPU = Debug|Any CPU
		Release|Any CPU = Release|Any CPU
	EndGlobalSection
	GlobalSection(ProjectConfigurationPlatforms) = postSolution
		{7DBED327-D05B-4F12-A982-F7BCB07D5E2F}.Debug|Any CPU.ActiveCfg = Debug|Any CPU
		{7DBED327-D05B-4F12-A982-F7BCB07D5E2F}.Debug|Any CPU.Build.0 = Debug|Any CPU
		{7DBED327-D05B-4F12-A982-F7BCB07D5E2F}.Release|Any CPU.ActiveCfg = Release|Any CPU
		{7DBED327-D05B-4F12-A982-F7BCB07D5E2F}.Release|Any CPU.Build.0 = Release|Any CPU
		{8C94709A-261E-4630-9F0F-7C7B4EC7D2A0}.Debug|Any CPU.ActiveCfg = Debug|Any CPU
		{8C94709A-261E-4630-9F0F-7C7B4EC7D2A0}.Debug|Any CPU.Build.0 = Debug|Any CPU
		{8C94709A-261E-4630-9F0F-7C7B4EC7D2A0}.Release|Any CPU.ActiveCfg = Release|Any CPU
		{8C94709A-261E-4630-9F0F-7C7B4EC7D2A0}.Release|Any CPU.Build.0 = Release|Any CPU
		{9B85801B-372F-4941-BF3E-8D4C5A8F3E1C}.Debug|Any CPU.ActiveCfg = Debug|Any CPU
		{9B85801B-372F-4941-BF3E-8D4C5A8F3E1C}.Debug|Any CPU.Build.0 = Debug|Any CPU
		{9B85801B-372F-4941-BF3E-8D4C5A8F3E1C}.Release|Any CPU.ActiveCfg = Release|Any CPU
		{9B85801B-372F-4941-BF3E-8D4C5A8F3E1C}.Release|Any CPU.Build.0 = Release|Any CPU
		{2E07829F-594E-4F94-B3FD-7F3C6D9E8A5B}.Debug|Any CPU.ActiveCfg = Debug|Any CPU
		{2E07829F-594E-4F94-B3FD-7F3C6D9E8A5B}.Debug|Any CPU.Build.0 = Debug|Any CPU
		{2E07829F-594E-4F94-B3FD-7F3C6D9E8A5B}.Release|Any CPU.ActiveCfg = Release|Any CPU
		{2E07829F-594E-4F94-B3FD-7F3C6D9E8A5B}.Release|Any CPU.Build.0 = Release|Any CPU
		{6C7CA029-8461-41FF-BAC6-7CE438CE3707}.Debug|Any CPU.ActiveCfg = Debug|Any CPU
		{6C7CA029-8461-41FF-BAC6-7CE438CE3707}.Debug|Any CPU.Build.0 = Debug|Any CPU
		{6C7CA029-8461-41FF-BAC6-7CE438CE3707}.Release|Any CPU.ActiveCfg = Release|Any CPU
		{6C7CA029-8461-41FF-BAC6-7CE438CE3707}.Release|Any CPU.Build.0 = Release|Any CPU
	EndGlobalSection
	GlobalSection(SolutionProperties) = preSolution
		HideSolutionNode = FALSE
	EndGlobalSection
EndGlobal
